{
    "_meta": {
        "hash": {
            "sha256": "16792bacc7da78322d2adc66c5dab872a4c6eeea046b74a4a664f2174de03885"
        },
        "pipfile-spec": 6,
        "requires": {
            "python_version": "3.6"
        },
        "sources": [
            {
                "name": "pypi",
                "url": "https://pypi.org/simple",
                "verify_ssl": true
            }
        ]
    },
    "default": {
        "bothub": {
            "file": "https://github.com/push-flow/bothub/archive/1.8.8.tar.gz"
        },
        "boto3": {
            "hashes": [
                "sha256:09f6e6e76c368c650bbd7df72a9dbb66b1fdb4ae37baf28dd8525246a4d75dd4",
                "sha256:a3091a1d1e050785152e9a62892c457b7cb2378cf0b28246fdab93cd7857b4e2"
            ],
            "index": "pypi",
            "version": "==1.7.37"
        },
        "botocore": {
            "hashes": [
                "sha256:87fe59966e2a31efbb80b279bc0dc7273bc4c058cdd49f957de402804a544828",
                "sha256:8caf8c8a165e8f1d880d952a4aaf05fdd57e0857f6d5640fe267840bdc2ae667"
            ],
            "version": "==1.10.39"
        },
        "certifi": {
            "hashes": [
                "sha256:13e698f54293db9f89122b0581843a782ad0934a4fe0172d2a980ba77fc61bb7",
                "sha256:9fa520c1bacfb634fa7af20a76bcbd3d5fb390481724c597da32c719a7dca4b0"
            ],
            "version": "==2018.4.16"
        },
        "chardet": {
            "hashes": [
                "sha256:84ab92ed1c4d4f16916e05906b6b75a6c0fb5db821cc65e70cbd64a3e2a5eaae",
                "sha256:fc323ffcaeaed0e0a02bf4d117757b98aed530d9ed4531e3e15460124c106691"
            ],
            "version": "==3.0.4"
        },
        "click": {
            "hashes": [
                "sha256:29f99fc6125fbc931b758dc053b3114e55c77a6e4c6c3a2674a2dc986016381d",
                "sha256:f15516df478d5a56180fbf80e68f206010e6d160fc39fa508b65e035fd75130b"
            ],
            "index": "pypi",
            "version": "==6.7"
        },
        "cloudpickle": {
            "hashes": [
                "sha256:54858c7b7dc763ed894ff91059c1d0b017d593fe23850d3d8d75f47d98398197",
                "sha256:ac7acd0dcb1c52fa14873f801efe0c53e6457bcc5f01542cb445a6515d9a4b72"
            ],
            "index": "pypi",
            "version": "==0.5.3"
        },
        "coreapi": {
            "hashes": [
                "sha256:46145fcc1f7017c076a2ef684969b641d18a2991051fddec9458ad3f78ffc1cb",
                "sha256:bf39d118d6d3e171f10df9ede5666f63ad80bba9a29a8ec17726a66cf52ee6f3"
            ],
            "index": "pypi",
            "version": "==2.3.3"
        },
        "coreschema": {
            "hashes": [
                "sha256:5e6ef7bf38c1525d5e55a895934ab4273548629f16aed5c0a6caa74ebf45551f",
                "sha256:9503506007d482ab0867ba14724b93c18a33b22b6d19fb419ef2d239dd4a1607"
            ],
            "version": "==0.0.4"
        },
        "cymem": {
            "hashes": [
                "sha256:00bb3645dfb9a020d735ba3d6f822b04656388180588d8b2cebde967ee678bcc",
                "sha256:0dd61d05977839a922c0d797c355b98949210575918b1743b41e38ae9fb2c3a7",
                "sha256:4bc1056b52d959fcbb1e0f32ec84fa131754d6be1e36b65782c6ac86419f4bf3",
                "sha256:4c5d9ca6ec706792b8d9b1faf6db77b95545c388c768b21d940f197aa7efbb7e",
                "sha256:50292f4dd0d950a8698bae27d71efe59da7ff08e591b735e08b658aae42c4745",
                "sha256:616d06333f46dd03c128d97912d361183fc02249e6420a7b7907b41214c51562",
                "sha256:944af97d4d34a2470b5199f1c31d2dfc79cdec7bd7a41354d839a8ab87fdfaa6",
                "sha256:b38056efb99078b06c504adb5f03a8d9e822a5543451737b746028a71c4b1ac3",
                "sha256:b6513b2926c60d641f159e79e6fb16460dfb50ebcce31a5af0370c51837c7efc",
                "sha256:daa6003fcc199752ab703142021cff74774872a932303b240dc0ea177adf295d",
                "sha256:f06d9b50da0474d7405674d8101c319d89a17d33792d6d429fe3d5c64f0d9df1"
            ],
            "index": "pypi",
            "version": "==1.31.2"
        },
        "cython": {
            "hashes": [
                "sha256:0344e9352b0915910e212c38403b63f902ce1cba75dde7a43a9112ff960eb2a5",
                "sha256:0a390c39e912fc5f82d5feae2d16ea061971407099e1efb0fecb255cb96fbeff",
                "sha256:0f2b2e09f94c498f555935e732b7321b5f62f00e7a789238f6c5ddd66987a54d",
                "sha256:15614592616b6dd5e919e158796350ebeba6cb6b5d2998cfff41b53f568c8355",
                "sha256:1aae6d6e9858888144cea147eb5e677830f45faaff3d305d77378c3cba55f526",
                "sha256:200583297f23e558744bc4688d8a2b2605ab6ad7d1494a9fd8c8094ad65ebf3c",
                "sha256:295facc211a6b55db9979455b856180f2839be22ab767ffdea55986bee83ca9f",
                "sha256:36c16bf39280fe857213d8da31c07a6179d3878c3dc2e435dce0974b9f8f0729",
                "sha256:3fef8dfa9cf86ab7814ca31369374ddd5b9524f54406aa83b53b5937965b8e88",
                "sha256:439d233d3214e3d69c033a9a93516758f2c8a03e83ea51ae14b6eed13687d224",
                "sha256:455ab39c6c0849a6c008fcdf2fae42475f18d0801a3be229e8f75367bbe3b325",
                "sha256:56821e3791209e6a11992e294afbf7e3dcda7d4fd54d06396dd521928d3d14fe",
                "sha256:62b594584889b33bbea7e71f9d7c5c6539091b341334ef7ca1ae7e30a9dd3e15",
                "sha256:70f81a75fb25c1c3c61843e3a6fe771a76c4ebf4d154455a7eff0740ad47dff4",
                "sha256:8011090beb09251cb4ece1e14263e574b38eda696b788552b369ad343373d0e9",
                "sha256:80d6a0369333a162fc32a22637f5870f3e87fb038c7b58860bbe00b05b58aa62",
                "sha256:85b04e32af58a3c008c0ba8169017770aaa342a5972b748f81d043d66363e437",
                "sha256:9ed273d82116fa148c92901b9639030e087979d455982bd7bf727fb486c0bd17",
                "sha256:a1af59e6c9b4acc07c429d8495fc016a35e0a1270f28c57317352f512df7e214",
                "sha256:b894ff4daf8dfaf657bf2d5e7190a4de11b2400b1e0fb0902974d35c23a26dea",
                "sha256:c2659981150b4de04397dcfd4bff64e384d3ba25af60d1b22820fdf108298cb2",
                "sha256:c981a750858f1727995acf861ab030b267d264ca6efda2f01104941187a3675f",
                "sha256:cc4152b19ec168391f7815d24b70c8911829ba281bd5fcd98cab9dc21abe62ff",
                "sha256:d0f5b1668e7f7f6fc9849f49a20c5db10562a0ab29cd66818894dfebbca7b304",
                "sha256:d7152006ed1a3adb8f978077b57d237ddafa188240af53cd72b5c79e4ed000e3",
                "sha256:e5f877472993474296125c22b84c334b550010815e513cccce73da854a132d64",
                "sha256:e7c2c87ff2f99ed4be1bb046d6eddfb388af627928037f9e0a420c05daaf14ed",
                "sha256:edd7d499685655031be5b4d33005096b6345f81eeb7ab9d2dd415db0c7bcf64e",
                "sha256:f99a777fda569a88deea863eac2722b5e88957c4d5f4413949740da791857ac9"
            ],
            "index": "pypi",
            "version": "==0.28.3"
        },
        "cytoolz": {
            "hashes": [
                "sha256:476a2ad176de5eaef80499b7b43d4f72ba6d23df33d349088dae315e9b31c552"
            ],
            "version": "==0.8.2"
        },
        "dill": {
            "hashes": [
                "sha256:97fd758f5fe742d42b11ec8318ecfcff8776bccacbfcec05dfd6276f5d450f73"
            ],
            "index": "pypi",
            "version": "==0.2.7.1"
        },
        "dj-database-url": {
            "hashes": [
                "sha256:4aeaeb1f573c74835b0686a2b46b85990571159ffc21aa57ecd4d1e1cb334163",
                "sha256:851785365761ebe4994a921b433062309eb882fedd318e1b0fcecc607ed02da9"
            ],
            "index": "pypi",
            "version": "==0.5.0"
        },
        "django": {
            "hashes": [
                "sha256:7c8ff92285406fb349e765e9ade685eec7271d6f5c3f918e495a74768b765c99",
                "sha256:dc3b61d054f1bced64628c62025d480f655303aea9f408e5996c339a543b45f0"
            ],
            "index": "pypi",
            "version": "==2.0.2"
        },
        "django-cors-headers": {
            "hashes": [
                "sha256:0e9532628b3aa8806442d4d0b15e56112e6cfbef3735e13401935c98b842a2b4",
                "sha256:c7ec4816ec49416517b84f317499d1519db62125471922ab78d670474ed9b987"
            ],
            "index": "pypi",
            "version": "==2.2.0"
        },
        "django-filter": {
            "hashes": [
                "sha256:ea204242ea83790e1512c9d0d8255002a652a6f4986e93cee664f28955ba0c22",
                "sha256:ec0ef1ba23ef95b1620f5d481334413700fb33f45cd76d56a63f4b0b1d76976a"
            ],
            "index": "pypi",
            "version": "==1.1.0"
        },
        "djangorestframework": {
            "hashes": [
                "sha256:1f6baf40ed456ed2af6bd1a4ff8bbc3503cebea16509993aea2b7085bc097766",
                "sha256:9f9e94e8d22b100ed3a43cee8c47a7ff7b185e778a1f2da9ec5c73fc4e081b87"
            ],
            "index": "pypi",
            "version": "==3.7.7"
        },
        "docutils": {
            "hashes": [
                "sha256:02aec4bd92ab067f6ff27a38a38a41173bf01bed8f89157768c1573f53e474a6",
                "sha256:51e64ef2ebfb29cae1faa133b3710143496eca21c530f3f71424d77687764274",
                "sha256:7a4bd47eaf6596e1295ecb11361139febe29b084a87bf005bf899f9a42edc3c6"
            ],
            "version": "==0.14"
        },
        "future": {
            "hashes": [
                "sha256:e39ced1ab767b5936646cedba8bcce582398233d6a627067d4c6a454c90cfedb"
            ],
            "index": "pypi",
            "version": "==0.16.0"
        },
        "idna": {
            "hashes": [
                "sha256:2c6a5de3089009e3da7c5dde64a141dbc8551d5b7f6cf4ed7c2568d0cc520a8f",
                "sha256:8c7309c718f94b3a625cb648ace320157ad16ff131ae0af362c9f21b80ef6ec4"
            ],
            "version": "==2.6"
        },
        "itypes": {
            "hashes": [
                "sha256:c6e77bb9fd68a4bfeb9d958fea421802282451a25bac4913ec94db82a899c073"
            ],
            "version": "==1.1.0"
        },
        "jinja2": {
            "hashes": [
                "sha256:74c935a1b8bb9a3947c50a54766a969d4846290e1e788ea44c1392163723c3bd",
                "sha256:f84be1bb0040caca4cea721fcbbbbd61f9be9464ca236387158b0feea01914a4"
            ],
            "version": "==2.10"
        },
        "jmespath": {
            "hashes": [
                "sha256:6a81d4c9aa62caf061cb517b4d9ad1dd300374cd4706997aff9cd6aedd61fc64",
                "sha256:f11b4461f425740a1d908e9a3f7365c3d2e569f6ca68a2ff8bc5bcd9676edd63"
            ],
            "version": "==0.9.3"
        },
        "markupsafe": {
            "hashes": [
                "sha256:a6be69091dac236ea9c6bc7d012beab42010fa914c459791d627dad4910eb665"
            ],
            "version": "==1.0"
        },
        "msgpack-numpy": {
            "hashes": [
                "sha256:6947df61826a2917e38dbe07957a0c70dc82dce93ec38153dae850fdd21a4583",
                "sha256:afc603c7cf8497fb125a8c8c713518a004e9662101f088e3d4fcf7688b08eeb3"
            ],
            "version": "==0.4.1"
        },
        "msgpack-python": {
            "hashes": [
                "sha256:378cc8a6d3545b532dfd149da715abae4fda2a3adb6d74e525d0d5e51f46909b"
            ],
            "version": "==0.5.6"
        },
        "murmurhash": {
            "hashes": [
                "sha256:651137ed3e1169342c9edade454f3beb7fcdf28d4ad1ac232725237eaf442d9a"
            ],
            "index": "pypi",
            "version": "==0.28.0"
        },
        "numpy": {
            "hashes": [
                "sha256:07379fe0b450f6fd6e5934a9bc015025bb4ce1c8fbed3ca8bef29328b1bc9570",
                "sha256:085afac75bbc97a096744fcfc97a4b321c5a87220286811e85089ae04885acdd",
                "sha256:2d6481c6bdab1c75affc0fc71eb1bd4b3ecef620d06f2f60c3f00521d54be04f",
                "sha256:2df854df882d322d5c23087a4959e145b953dfff2abe1774fec4f639ac2f3160",
                "sha256:381ad13c30cd1d0b2f3da8a0c1a4aa697487e8bb0e9e0cbeb7439776bcb645f8",
                "sha256:385f1ce46e08676505b692bfde918c1e0b350963a15ef52d77691c2cf0f5dbf6",
                "sha256:4d278c2261be6423c5e63d8f0ceb1b0c6db3ff83f2906f4b860db6ae99ca1bb5",
                "sha256:51c5dcb51cf88b34b7d04c15f600b07c6ccbb73a089a38af2ab83c02862318da",
                "sha256:589336ba5199c8061239cf446ee2f2f1fcc0c68e8531ee1382b6fc0c66b2d388",
                "sha256:5edf1acc827ed139086af95ce4449b7b664f57a8c29eb755411a634be280d9f2",
                "sha256:6b82b81c6b3b70ed40bc6d0b71222ebfcd6b6c04a6e7945a936e514b9113d5a3",
                "sha256:6c57f973218b776195d0356e556ec932698f3a563e2f640cfca7020086383f50",
                "sha256:758d1091a501fd2d75034e55e7e98bfd1370dc089160845c242db1c760d944d9",
                "sha256:8622db292b766719810e0cb0f62ef6141e15fe32b04e4eb2959888319e59336b",
                "sha256:8b8dcfcd630f1981f0f1e3846fae883376762a0c1b472baa35b145b911683b7b",
                "sha256:97fa8f1dceffab782069b291e38c4c2227f255cdac5f1e3346666931df87373e",
                "sha256:9d69967673ab7b028c2df09cae05ba56bf4e39e3cb04ebe452b6035c3b49848e",
                "sha256:9e1f53afae865cc32459ad211493cf9e2a3651a7295b7a38654ef3d123808996",
                "sha256:a4a433b3a264dbc9aa9c7c241e87c0358a503ea6394f8737df1683c7c9a102ac",
                "sha256:baadc5f770917ada556afb7651a68176559f4dca5f4b2d0947cd15b9fb84fb51",
                "sha256:c725d11990a9243e6ceffe0ab25a07c46c1cc2c5dc55e305717b5afe856c9608",
                "sha256:d696a8c87315a83983fc59dd27efe034292b9e8ad667aeae51a68b4be14690d9",
                "sha256:e1864a4e9f93ddb2dc6b62ccc2ec1f8250ff4ac0d3d7a15c8985dd4e1fbd6418"
            ],
            "index": "pypi",
            "version": "==1.14.5"
        },
        "pathlib": {
            "hashes": [
                "sha256:6940718dfc3eff4258203ad5021090933e5c04707d5ca8cc9e73c94a7894ea9f"
            ],
            "index": "pypi",
            "version": "==1.0.1"
        },
        "plac": {
            "hashes": [
                "sha256:854693ad90367e8267112ffbb8955f57d6fdeac3191791dc9ffce80f87fd2370",
                "sha256:ba3f719a018175f0a15a6b04e6cc79c25fd563d348aacd320c3644d2a9baf89b"
            ],
            "index": "pypi",
            "version": "==0.9.6"
        },
        "preshed": {
            "hashes": [
                "sha256:a6b3a9e34634600e3e410ec25e0debed4b65a47eb37514a063d189d1c425b4dd"
            ],
            "index": "pypi",
            "version": "==1.0.0"
        },
        "python-crfsuite": {
            "hashes": [
                "sha256:03c9415ce3e3e9d13e4df67c5fd4044d94039c4dec0f7e8446a303c2ea2356bf",
                "sha256:10d84507d96d2870fba053d6659170113675762745e715befe0d9671d8988098",
                "sha256:19882b03d26abe075c280f3450829f520a36d17a050621e48109094ea94f4965",
                "sha256:2248ee8004e8b182b58e933530f42dc294965be6b1141a30a27f55b7cff24015",
                "sha256:2be069bd54907c457f8067fec28b38bef01019c19f6200d25e987213bcb66e1c",
                "sha256:2e1cdceca173cf73360220737648acf87244c1ae98eebf9f41d7a86035d4eaac",
                "sha256:349d3c0f1cb2e395a7064e96701329d794b09d42c4c9177d2a3e3bd9e0e6635e",
                "sha256:3b36da634400dd1557bb947ddf009e6328e7ef76332054f6484e8cec6993b86e",
                "sha256:470220d0f4be28769505c5cd8e2854ee25d748bc38d70f42811832031f245273",
                "sha256:47f10949a003439cdb7922b43177c96c2c1eea5c56ed2d17270c850bc86ccab3",
                "sha256:4f23a2184a4a455300b80e9c8f7604cf02ee882004472b163f5506d11754ff2a",
                "sha256:5ad7395dcce74fd07fc031f1e6c1160ff7b43ea343129caa77fb8d8afe7e2ecb",
                "sha256:5f7d97ecd1de01583bf07bd610363f0497118dc059770285966561188a2f8579",
                "sha256:607f4276025b2217e326e6c9161308fb2ad7f881665bfff072dbedae6cdc9cf8",
                "sha256:6c03fe809957eaf9333816f52dd497678a013ee918c502a7a529b191ef19c694",
                "sha256:73b57919711499d2ff32843a28b2a6c17487630ba255a6aa4a093ee0a7f3b1fa",
                "sha256:73ee6493ee1fbec9e597e220d018629302f30a06590b2155c3b07e893ae9f3bd",
                "sha256:770c8e6b42f4c13e8da0294a8fee9e2bab813b57198b9514da2497f86c95373d",
                "sha256:7861c9c7635e868c67914e77ccf757e096387edf676f78425aa05b2f8b32ced7",
                "sha256:8b656eee39d0fdea760285b574c5517d309f943be98d87e42425d332cdf687ca",
                "sha256:942aa72793dad1f9b0d65991b4386e385c4bf9248d2072e0e058f6cbb41e15dc",
                "sha256:968f8597f5df1ec54c5e72ce50775118a09f3c5737962e058f94a83da30d2a68",
                "sha256:96d0041722bfd9649b4f31971c25941cd9c01d4cbd4f774ba886ac6f77092f0b",
                "sha256:9daca96ada19b79353a022d77f38225a1dedfb632d6107a4846f8c1b5ace88a2",
                "sha256:9e18d89a1996306bf44341b55dd5cda2afa5a6aeeb4ebb99240b26bce1e89bd2",
                "sha256:a8d191eac2c7a395a74ceade0e58eea0ad5de823200b7b995ecab29295cf027b",
                "sha256:af63e6ed7635e5180bf278d0bd967097dcb295e0a58ba815a1c29d179479bfae",
                "sha256:b5c8b6a7bc194ca189db8cae6991d7fba0e1612c5c44297b989364e096a12a03",
                "sha256:b7643090e8e068ca25b5525d81a61d001e6594f6fa62452a1cb536e238b23c99",
                "sha256:bd3b5d73ca86928410473be4d3246730263a36fb0afd355f4ddec450ec5f881b",
                "sha256:c52d38b7180e19b6f5430eb76ae6fb160a5be2f5630834ea71d592bc5bff3671",
                "sha256:c94030f625e8139a41528d546c4b41cc223ee28f301af5d780eda10dcc96364c",
                "sha256:d4ce2830fd0d8ec037deefe662633935fa4a4cccc8647ac0515181c939c2184a",
                "sha256:dba43d4b1ccf1b1eb67a8adbfae788f3498e21997124010ad0f819dad3cf8b1d",
                "sha256:e419b441ba39716f1b9095dc3ed7adf3115611504d8933e973a7036ccef4168f",
                "sha256:e7b73325a5b345d10b78018d6ca123c6348825c82f3670a169143050d087ee65",
                "sha256:e91e424479ccec0038b44d5c83d60925c3d6e456018371cc2964625172e7eb64",
                "sha256:fea98866dd9cf8e1cb6f0053a1ef04497c0f56f54beda985f1a9dae83fb85594"
            ],
            "version": "==0.9.5"
        },
        "python-dateutil": {
            "hashes": [
                "sha256:1adb80e7a782c12e52ef9a8182bebeb73f1d7e24e374397af06fb4956c8dc5c0",
                "sha256:e27001de32f627c22380a688bcc43ce83504a7bc5da472209b4c70f02829f0b8"
            ],
            "markers": "python_version >= '2.7'",
            "version": "==2.7.3"
        },
        "python-decouple": {
            "hashes": [
                "sha256:1317df14b43efee4337a4aa02914bf004f010cd56d6c4bd894e6474ec8c4fe2d"
            ],
            "index": "pypi",
            "version": "==3.1"
        },
        "pytz": {
            "hashes": [
                "sha256:65ae0c8101309c45772196b21b74c46b2e5d11b6275c45d251b150d5da334555",
                "sha256:c06425302f2cf668f1bba7a0a03f3c1d34d4ebeef2c72003da308b3947c7f749"
            ],
            "version": "==2018.4"
        },
        "rasa-nlu": {
            "file": "https://github.com/push-flow/rasa_nlu/archive/feature/direct_json_data.zip"
        },
        "regex": {
            "hashes": [
                "sha256:19c4b0f68dd97b7116e590f47d60d97ab9e76966acc321b1d20dd87c2b64dff2",
                "sha256:1af6b820bec5ca82af87447af5a6dcc23b3ddc96b0184fd71666be0c24fb2a4f",
                "sha256:232dbc28a2562d92d713c3c1eb2b9276f3ebcbdb6d3e96ff68d0417a71926784",
                "sha256:3d26ce7e605a501509b68c343fc9d9e09f76c2e9e261df8183027bdc750c97ce",
                "sha256:52b590a41b9677314d02d9055edc33992db758b3d5167aa1365229a6a0c26a6d",
                "sha256:565f9aac9cd43b2351f7fcbc0d6056f8aebf4f6d049a17982085019ab9acdf28",
                "sha256:656984899644d3fe2e40533724f513a21127f77162a15dd5244af3c965152c63",
                "sha256:689c9d17c3ba02f52e8481a5c584c8c11ba27d6cc5f939efdd838ae0d0d1af41",
                "sha256:8a9d9db8ef1621ae51ea12acb5e503204b4586e05c6cfd418aecb9466a71bd87",
                "sha256:ad2beea450d551b11b47512ce920127d7c8645e528cc56dc9502c5973e8732f3",
                "sha256:b39867f577bc59b2fec9209facc513c761978e4ac63f4b73b9750a2c1501729e",
                "sha256:b6a7725a069be8f9dd09e1e500e5b57556b301942e21c8c712627f73ec048286",
                "sha256:b9e9b97696e75e826adac1920b13e7bac3a6a2128c085783abd208d73a278d70",
                "sha256:bf4896ed1ca2017153fc6b341bc8a0da8ca5480f85eebd7bfe58bbafceb4e728",
                "sha256:c3c2fe1e0d90f4c93be5b588480f05defd44f64c65767a657de69c4db4429a39",
                "sha256:d811874ed669165fe1059a54f860db5c6ab5f48100bf4945d915fd2f877b2531",
                "sha256:db616380b04e29e5709bc3ec0674e827dfed3d18e7d686c09537ab01506127c9",
                "sha256:efa66273b49dbd7a9f6a4d02d1a7d5bf353d568a89f7cd8927812daa9f83bb84",
                "sha256:f8feab5b517cdc65a61a50549e7dcfa0f61ab872a0034da1f6b8d61775178b6a"
            ],
            "index": "pypi",
            "version": "==2017.4.5"
        },
        "requests": {
            "hashes": [
                "sha256:6a1b267aa90cac58ac3a765d067950e7dbbf75b1da07e895d1f594193a40a38b",
                "sha256:9c443e7324ba5b85070c4a818ade28bfabedf16ea10206da1132edaa6dda237e"
            ],
            "index": "pypi",
            "version": "==2.18.4"
        },
        "s3transfer": {
            "hashes": [
                "sha256:90dc18e028989c609146e241ea153250be451e05ecc0c2832565231dacdf59c1",
                "sha256:c7a9ec356982d5e9ab2d4b46391a7d6a950e2b04c472419f5fdec70cc0ada72f"
            ],
            "version": "==0.1.13"
        },
        "scikit-learn": {
            "hashes": [
                "sha256:13136c6e4f6b808569f7f59299d439b2cd718f85d72ea14b5b6077d44ebc7d17",
                "sha256:370919e3148253fd6552496c33a1e3d78290a336fc8d1b9349d9e9770fae6ec0",
                "sha256:3775cca4ce3f94508bb7c8a6b113044b78c16b0a30a5c169ddeb6b9fe57a8a72",
                "sha256:42f3c5bd893ed73bf47ccccf04dfb98fae743f397d688bb58c2238c0e6ec15d2",
                "sha256:56cfa19c31edf62e6414da0a337efee37a4af488b135640e67238786b9be6ab3",
                "sha256:5c9ff456d67ef9094e5ea272fff2be05d399a47fc30c6c8ed653b94bdf787bd1",
                "sha256:5ca0ad32ee04abe0d4ba02c8d89d501b4e5e0304bdf4d45c2e9875a735b323a0",
                "sha256:5db9e68a384ce80a17fc449d4d5d9b45025fe17cf468429599bf404eccb51049",
                "sha256:6e0899953611d0c47c0d49c5950082ab016b38811fced91cd2dcc889dd94f50a",
                "sha256:72c194c5092e921d6107a8de8a5adae58c35bbc54e030ba624b6f02fd823bb21",
                "sha256:871669cdb5b3481650fe3adff46eb97c455e30ecdc307eaf382ef90d4e2570ab",
                "sha256:873245b03361710f47c5410a050dc56ee8ae97b9f8dcc6e3a81521ca2b64ad10",
                "sha256:8b17fc29554c5c98d88142f895516a5bec2b6b61daa815e1193a64c868ad53d2",
                "sha256:95b155ef6bf829ddfba6026f100ba8e4218b7171ecab97b2163bc9e8d206848f",
                "sha256:a21cf8217e31a9e8e32c559246e05e6909981816152406945ae2e3e244dfcc1f",
                "sha256:a58746d4f389ea7df1d908dba8b52f709835f91c342f459a3ade5424330c69d1",
                "sha256:b2a10e2f9b73de10d8486f7a23549093436062b69139158802910a0f154aa53b",
                "sha256:ba3fd442ae1a46830789b3578867daaf2c8409dcca6bf192e30e85beeabbfc2f",
                "sha256:ce78bf4d10bd7e28807c36c6d2ab25a9934aaf80906ad987622a5e45627d91a2",
                "sha256:d384e6f9a055b7a43492f9d27779adb717eb5dcf78b0603b01d0f070a608d241",
                "sha256:d4da369614e55540c7e830ccdd17ab4fe5412ff8e803a4906d3ece393e2e3a63",
                "sha256:ddc1eb10138ae93c136cc4b5945d3977f302b5d693592a4731b2805a7d7f2a74",
                "sha256:e54a3dd1fe1f8124de90b93c48d120e6da2ea8df29b6895325df01ddc1bd8e26",
                "sha256:ee8c3b1898c728b6e5b5659c233f547700a1fea13ce876b6fe7d3434c70cc0e0",
                "sha256:f528c4b2bba652cf116f5cccf36f4db95a7f9cbfcd1ee549c4e8d0f8628783b5",
                "sha256:f9abae483f4d52acd6f660addb1b67e35dc5748655250af479de2ea6aefc6df0",
                "sha256:fdc39e89bd3466befb76dfc0c258d4ccad159df974954a87de3be5759172a067"
            ],
            "index": "pypi",
            "version": "==0.19.1"
        },
        "scipy": {
            "hashes": [
                "sha256:0611ee97296265af4a21164a5323f8c1b4e8e15c582d3dfa7610825900136bb7",
                "sha256:08237eda23fd8e4e54838258b124f1cd141379a5f281b0a234ca99b38918c07a",
                "sha256:0e645dbfc03f279e1946cf07c9c754c2a1859cb4a41c5f70b25f6b3a586b6dbd",
                "sha256:0e9bb7efe5f051ea7212555b290e784b82f21ffd0f655405ac4f87e288b730b3",
                "sha256:108c16640849e5827e7d51023efb3bd79244098c3f21e4897a1007720cb7ce37",
                "sha256:340ef70f5b0f4e2b4b43c8c8061165911bc6b2ad16f8de85d9774545e2c47463",
                "sha256:3ad73dfc6f82e494195144bd3a129c7241e761179b7cb5c07b9a0ede99c686f3",
                "sha256:3b243c77a822cd034dad53058d7c2abf80062aa6f4a32e9799c95d6391558631",
                "sha256:404a00314e85eca9d46b80929571b938e97a143b4f2ddc2b2b3c91a4c4ead9c5",
                "sha256:423b3ff76957d29d1cce1bc0d62ebaf9a3fdfaf62344e3fdec14619bb7b5ad3a",
                "sha256:698c6409da58686f2df3d6f815491fd5b4c2de6817a45379517c92366eea208f",
                "sha256:729f8f8363d32cebcb946de278324ab43d28096f36593be6281ca1ee86ce6559",
                "sha256:8190770146a4c8ed5d330d5b5ad1c76251c63349d25c96b3094875b930c44692",
                "sha256:878352408424dffaa695ffedf2f9f92844e116686923ed9aa8626fc30d32cfd1",
                "sha256:8f841bbc21d3dad2111a94c490fb0a591b8612ffea86b8e5571746ae76a3deac",
                "sha256:c22b27371b3866c92796e5d7907e914f0e58a36d3222c5d436ddd3f0e354227a",
                "sha256:d0cdd5658b49a722783b8b4f61a6f1f9c75042d0e29a30ccb6cacc9b25f6d9e2",
                "sha256:d8491d4784aceb1f100ddb8e31239c54e4afab8d607928a9f7ef2469ec35ae01",
                "sha256:dfc5080c38dde3f43d8fbb9c0539a7839683475226cf83e4b24363b227dfe552",
                "sha256:e24e22c8d98d3c704bb3410bce9b69e122a8de487ad3dbfe9985d154e5c03a40",
                "sha256:e7a01e53163818d56eabddcafdc2090e9daba178aad05516b20c6591c4811020",
                "sha256:ee677635393414930541a096fc8e61634304bb0153e4e02b75685b11eba14cae",
                "sha256:f0521af1b722265d824d6ad055acfe9bd3341765735c44b5a4d0069e189a0f40"
            ],
            "index": "pypi",
            "version": "==1.1.0"
        },
        "simplejson": {
            "hashes": [
                "sha256:1bdd7c7c8c3ece26a251c835e73627a5f825b6ac1d16a68f190c8c29a3a4d4fe",
                "sha256:1e651e49b91024e615267fe800ad094c1174800ff06a3b29652f4a656dc51228",
                "sha256:2fa4eafab7cb4f900ce7739129cef0da1f25acfa89089540ce6241a15a61df78",
                "sha256:346ef48e38d202634ef5f8402d3e043984ef9f504f00b2275807cc8a01ae7d31",
                "sha256:446cc58ef7d8a4c5cb336d6893fd6aca1c22800207c18aa72f1496798e2aa6e8",
                "sha256:523d3df8dd6a366f8911ffdd9778d2e52d174f1b2ae867c543f9f200ab06595d",
                "sha256:60427da697809f2ec0a49b1c9146bf858722bd04fabef77b2b4fca0e883595ef",
                "sha256:7418a069e046df6afc9024076a154d35c4df432ad081f2a1cd57661c9dc95b51",
                "sha256:839ce3128375c4b6a08b4d20e67befe8fc0d6cf7ed1a1ee6117f035225368de8",
                "sha256:8b7644d71f8fb11088660775da0ab09151583939edeb840a53bdf2c5acf3b725",
                "sha256:95d19832c666c5942c57e67132138a9332aa84519919a97bd9bbcff1fce7cefd",
                "sha256:97502022f2fe5cf78580d5b0889030a62f46080508d32a0992ee7d7d107790b8",
                "sha256:a0bdc46d207edaa1db128be6f5b84e415aa033a854ed02d40256fc12d72ce0d7",
                "sha256:ad332f65d9551ceffc132d0a683f4ffd12e4bc7538681100190d577ced3473fb",
                "sha256:b5263de68cd0891ff4fe8ceb14e6382635ffb1be2ee0c8f7e664681679cd8163",
                "sha256:bb68f637d12dccf7ddeece29b4a5f27f15b768dff7f02c198d3d7640f9b8d2dc",
                "sha256:d6b38d952a3e90022287998928b12a77471b054455bcded9731dfb8371c47df8",
                "sha256:d7e1191ddccabcdc5b300d4469e0fbe69abda6d5e1fba37dad66f8a9913a9994",
                "sha256:e22f4bda9177893eb89a6a3cfc5335ae393690407b9b3407e86fe47c2a4adb1d",
                "sha256:f00fb192452506454ce7dba6de5a0d5386631e1d6cbc8dcb7e7d4b220bb13c06",
                "sha256:fae2430550b625ab2284110f4802ed1a1cae45f96871afbb014ee10f30a37fa3"
            ],
            "index": "pypi",
            "version": "==3.15.0"
        },
        "six": {
            "hashes": [
                "sha256:70e8a77beed4562e7f14fe23a786b54f6296e34344c23bc42f07b15018ff98e9",
                "sha256:832dc0e10feb1aa2c68dcc57dbb658f1c7e65b9b61af69048abc87a2db00a0eb"
            ],
            "version": "==1.11.0"
        },
        "sklearn-crfsuite": {
            "hashes": [
                "sha256:2f59aad3055e01a778a79a6352891cac04788e8b52688aa5bc8b11be7717861e",
                "sha256:6e9a42bc3de96941d5f7262335130955b8c380b1356147622368f385075705d9"
            ],
            "index": "pypi",
            "version": "==0.3.6"
        },
        "spacy": {
            "file": "https://github.com/push-flow/spaCy/archive/feature/new-langs.zip"
        },
        "tabulate": {
            "hashes": [
                "sha256:e4ca13f26d0a6be2a2915428dc21e732f1e44dad7f76d7030b2ef1ec251cf7f2"
            ],
            "version": "==0.8.2"
        },
        "termcolor": {
            "hashes": [
                "sha256:1d6d69ce66211143803fbc56652b41d73b4a400a2891d7bf7a1cdf4c02de613b"
            ],
            "version": "==1.1.0"
        },
        "thinc": {
            "hashes": [
                "sha256:9a1deb850285f76efaf0ae38b605a137a3978826282cc57dcc1e66b779402a76"
            ],
            "index": "pypi",
            "version": "==6.10.2"
        },
        "toolz": {
            "hashes": [
                "sha256:929f0a7ea7f61c178bd951bdae93920515d3fbdbafc8e6caf82d752b9b3b31c9"
            ],
            "version": "==0.9.0"
        },
        "tornado": {
            "hashes": [
                "sha256:1b83d5c10550f2653380b4c77331d6f8850f287c4f67d7ce1e1c639d9222fbc7",
                "sha256:408d129e9d13d3c55aa73f8084aa97d5f90ed84132e38d6932e63a67d5bec563",
                "sha256:88ce0282cce70df9045e515f578c78f1ebc35dcabe1d70f800c3583ebda7f5f5",
                "sha256:ba9fbb249ac5390bff8a1d6aa4b844fd400701069bda7d2e380dfe2217895101",
                "sha256:c050089173c2e9272244bccfb6a8615fb9e53b79420a5551acfa76094ecc3111"
            ],
            "index": "pypi",
            "version": "==5.0.2"
        },
        "tqdm": {
            "hashes": [
                "sha256:224291ee0d8c52d91b037fd90806f48c79bcd9994d3b0abc9e44b946a908fccd",
                "sha256:77b8424d41b31e68f437c6dd9cd567aebc9a860507cb42fbd880a5f822d966fe"
            ],
            "version": "==4.23.4"
        },
        "ujson": {
            "hashes": [
                "sha256:f66073e5506e91d204ab0c614a148d5aa938bdbf104751be66f8ad7a222f5f86"
            ],
            "index": "pypi",
            "version": "==1.35"
        },
        "uritemplate": {
            "hashes": [
                "sha256:01c69f4fe8ed503b2951bef85d996a9d22434d2431584b5b107b2981ff416fbd",
                "sha256:1b9c467a940ce9fb9f50df819e8ddd14696f89b9a8cc87ac77952ba416e0a8fd",
                "sha256:c02643cebe23fc8adb5e6becffe201185bf06c40bda5c0b4028a93f1527d011d"
            ],
            "version": "==3.0.0"
        },
        "urllib3": {
            "hashes": [
                "sha256:06330f386d6e4b195fbfc736b297f58c5a892e4440e54d294d7004e3a9bbea1b",
                "sha256:cc44da8e1145637334317feebd728bd869a35285b93cbb4cca2577da7e62db4f"
            ],
            "version": "==1.22"
        },
        "wrapt": {
            "hashes": [
                "sha256:d4d560d479f2c21e1b5443bbd15fe7ec4b37fe7e53d335d3b9b0a7b1226fe3c6"
            ],
            "version": "==1.10.11"
        }
    },
    "develop": {
        "coverage": {
            "hashes": [
                "sha256:03481e81d558d30d230bc12999e3edffe392d244349a90f4ef9b88425fac74ba",
                "sha256:0b136648de27201056c1869a6c0d4e23f464750fd9a9ba9750b8336a244429ed",
                "sha256:104ab3934abaf5be871a583541e8829d6c19ce7bde2923b2751e0d3ca44db60a",
                "sha256:15b111b6a0f46ee1a485414a52a7ad1d703bdf984e9ed3c288a4414d3871dcbd",
                "sha256:198626739a79b09fa0a2f06e083ffd12eb55449b5f8bfdbeed1df4910b2ca640",
                "sha256:1c383d2ef13ade2acc636556fd544dba6e14fa30755f26812f54300e401f98f2",
                "sha256:28b2191e7283f4f3568962e373b47ef7f0392993bb6660d079c62bd50fe9d162",
                "sha256:2eb564bbf7816a9d68dd3369a510be3327f1c618d2357fa6b1216994c2e3d508",
                "sha256:337ded681dd2ef9ca04ef5d93cfc87e52e09db2594c296b4a0a3662cb1b41249",
                "sha256:3a2184c6d797a125dca8367878d3b9a178b6fdd05fdc2d35d758c3006a1cd694",
                "sha256:3c79a6f7b95751cdebcd9037e4d06f8d5a9b60e4ed0cd231342aa8ad7124882a",
                "sha256:3d72c20bd105022d29b14a7d628462ebdc61de2f303322c0212a054352f3b287",
                "sha256:3eb42bf89a6be7deb64116dd1cc4b08171734d721e7a7e57ad64cc4ef29ed2f1",
                "sha256:4635a184d0bbe537aa185a34193898eee409332a8ccb27eea36f262566585000",
                "sha256:56e448f051a201c5ebbaa86a5efd0ca90d327204d8b059ab25ad0f35fbfd79f1",
                "sha256:5a13ea7911ff5e1796b6d5e4fbbf6952381a611209b736d48e675c2756f3f74e",
                "sha256:69bf008a06b76619d3c3f3b1983f5145c75a305a0fea513aca094cae5c40a8f5",
                "sha256:6bc583dc18d5979dc0f6cec26a8603129de0304d5ae1f17e57a12834e7235062",
                "sha256:701cd6093d63e6b8ad7009d8a92425428bc4d6e7ab8d75efbb665c806c1d79ba",
                "sha256:7608a3dd5d73cb06c531b8925e0ef8d3de31fed2544a7de6c63960a1e73ea4bc",
                "sha256:76ecd006d1d8f739430ec50cc872889af1f9c1b6b8f48e29941814b09b0fd3cc",
                "sha256:7aa36d2b844a3e4a4b356708d79fd2c260281a7390d678a10b91ca595ddc9e99",
                "sha256:7d3f553904b0c5c016d1dad058a7554c7ac4c91a789fca496e7d8347ad040653",
                "sha256:7e1fe19bd6dce69d9fd159d8e4a80a8f52101380d5d3a4d374b6d3eae0e5de9c",
                "sha256:8c3cb8c35ec4d9506979b4cf90ee9918bc2e49f84189d9bf5c36c0c1119c6558",
                "sha256:9d6dd10d49e01571bf6e147d3b505141ffc093a06756c60b053a859cb2128b1f",
                "sha256:9e112fcbe0148a6fa4f0a02e8d58e94470fc6cb82a5481618fea901699bf34c4",
                "sha256:ac4fef68da01116a5c117eba4dd46f2e06847a497de5ed1d64bb99a5fda1ef91",
                "sha256:b8815995e050764c8610dbc82641807d196927c3dbed207f0a079833ffcf588d",
                "sha256:be6cfcd8053d13f5f5eeb284aa8a814220c3da1b0078fa859011c7fffd86dab9",
                "sha256:c1bb572fab8208c400adaf06a8133ac0712179a334c09224fb11393e920abcdd",
                "sha256:de4418dadaa1c01d497e539210cb6baa015965526ff5afc078c57ca69160108d",
                "sha256:e05cb4d9aad6233d67e0541caa7e511fa4047ed7750ec2510d466e806e0255d6",
                "sha256:e4d96c07229f58cb686120f168276e434660e4358cc9cf3b0464210b04913e77",
                "sha256:f3f501f345f24383c0000395b26b726e46758b71393267aeae0bd36f8b3ade80",
                "sha256:f8a923a85cb099422ad5a2e345fe877bbc89a8a8b23235824a93488150e45f6e"
            ],
            "index": "pypi",
            "version": "==4.5.1"
        },
        "flake8": {
            "hashes": [
                "sha256:7253265f7abd8b313e3892944044a365e3f4ac3fcdcfb4298f55ee9ddf188ba0",
                "sha256:c7841163e2b576d435799169b78703ad6ac1bbb0f199994fc05f700b2a90ea37"
            ],
            "index": "pypi",
            "version": "==3.5.0"
        },
        "mccabe": {
            "hashes": [
                "sha256:ab8a6258860da4b6677da4bd2fe5dc2c659cff31b3ee4f7f5d64e79735b80d42",
                "sha256:dd8d182285a0fe56bace7f45b5e7d1a6ebcbf524e8f3bd87eb0f125271b8831f"
            ],
            "version": "==0.6.1"
        },
        "pycodestyle": {
            "hashes": [
                "sha256:682256a5b318149ca0d2a9185d365d8864a768a28db66a84a2ea946bcc426766",
                "sha256:6c4245ade1edfad79c3446fadfc96b0de2759662dc29d07d80a6f27ad1ca6ba9"
            ],
            "version": "==2.3.1"
        },
        "pyflakes": {
            "hashes": [
                "sha256:08bd6a50edf8cffa9fa09a463063c425ecaaf10d1eb0335a7e8b1401aef89e6f",
                "sha256:8d616a382f243dbf19b54743f280b80198be0bca3a5396f1d2e1fca6223e8805"
            ],
            "version": "==1.6.0"
        }
    }
}
